// !$*UTF8*$!
{
	archiveVersion = 1;
	classes = {
	};
	objectVersion = 56;
	objects = {

/* Begin PBXBuildFile section */
		FDD17F9A2A8DA8A500181299 /* AppDelegate.swift in Sources */ = {isa = PBXBuildFile; fileRef = FDD17F992A8DA8A500181299 /* AppDelegate.swift */; };
		FDD17F9C2A8DA8A500181299 /* SceneDelegate.swift in Sources */ = {isa = PBXBuildFile; fileRef = FDD17F9B2A8DA8A500181299 /* SceneDelegate.swift */; };
		FDD17F9E2A8DA8A500181299 /* ViewController.swift in Sources */ = {isa = PBXBuildFile; fileRef = FDD17F9D2A8DA8A500181299 /* ViewController.swift */; };
		FDD17FA12A8DA8A500181299 /* Main.storyboard in Resources */ = {isa = PBXBuildFile; fileRef = FDD17F9F2A8DA8A500181299 /* Main.storyboard */; };
		FDD17FA32A8DA8A600181299 /* Assets.xcassets in Resources */ = {isa = PBXBuildFile; fileRef = FDD17FA22A8DA8A600181299 /* Assets.xcassets */; };
		FDD17FA62A8DA8A600181299 /* LaunchScreen.storyboard in Resources */ = {isa = PBXBuildFile; fileRef = FDD17FA42A8DA8A600181299 /* LaunchScreen.storyboard */; };
		FDD17FB12A8DA8A600181299 /* CodePath_pre_workTests.swift in Sources */ = {isa = PBXBuildFile; fileRef = FDD17FB02A8DA8A600181299 /* CodePath_pre_workTests.swift */; };
		FDD17FBB2A8DA8A600181299 /* CodePath_pre_workUITests.swift in Sources */ = {isa = PBXBuildFile; fileRef = FDD17FBA2A8DA8A600181299 /* CodePath_pre_workUITests.swift */; };
		FDD17FBD2A8DA8A600181299 /* CodePath_pre_workUITestsLaunchTests.swift in Sources */ = {isa = PBXBuildFile; fileRef = FDD17FBC2A8DA8A600181299 /* CodePath_pre_workUITestsLaunchTests.swift */; };
/* End PBXBuildFile section */

/* Begin PBXContainerItemProxy section */
		FDD17FAD2A8DA8A600181299 /* PBXContainerItemProxy */ = {
			isa = PBXContainerItemProxy;
			containerPortal = FDD17F8E2A8DA8A500181299 /* Project object */;
			proxyType = 1;
			remoteGlobalIDString = FDD17F952A8DA8A500181299;
			remoteInfo = CodePath_pre_work;
		};
		FDD17FB72A8DA8A600181299 /* PBXContainerItemProxy */ = {
			isa = PBXContainerItemProxy;
			containerPortal = FDD17F8E2A8DA8A500181299 /* Project object */;
			proxyType = 1;
			remoteGlobalIDString = FDD17F952A8DA8A500181299;
			remoteInfo = CodePath_pre_work;
		};
/* End PBXContainerItemProxy section */

/* Begin PBXFileReference section */
		FDD17F962A8DA8A500181299 /* CodePath_pre_work.app */ = {isa = PBXFileReference; explicitFileType = wrapper.application; includeInIndex = 0; path = CodePath_pre_work.app; sourceTree = BUILT_PRODUCTS_DIR; };
		FDD17F992A8DA8A500181299 /* AppDelegate.swift */ = {isa = PBXFileReference; lastKnownFileType = sourcecode.swift; path = AppDelegate.swift; sourceTree = "<group>"; };
		FDD17F9B2A8DA8A500181299 /* SceneDelegate.swift */ = {isa = PBXFileReference; lastKnownFileType = sourcecode.swift; path = SceneDelegate.swift; sourceTree = "<group>"; };
		FDD17F9D2A8DA8A500181299 /* ViewController.swift */ = {isa = PBXFileReference; lastKnownFileType = sourcecode.swift; path = ViewController.swift; sourceTree = "<group>"; };
		FDD17FA02A8DA8A500181299 /* Base */ = {isa = PBXFileReference; lastKnownFileType = file.storyboard; name = Base; path = Base.lproj/Main.storyboard; sourceTree = "<group>"; };
		FDD17FA22A8DA8A600181299 /* Assets.xcassets */ = {isa = PBXFileReference; lastKnownFileType = folder.assetcatalog; path = Assets.xcassets; sourceTree = "<group>"; };
		FDD17FA52A8DA8A600181299 /* Base */ = {isa = PBXFileReference; lastKnownFileType = file.storyboard; name = Base; path = Base.lproj/LaunchScreen.storyboard; sourceTree = "<group>"; };
		FDD17FA72A8DA8A600181299 /* Info.plist */ = {isa = PBXFileReference; lastKnownFileType = text.plist.xml; path = Info.plist; sourceTree = "<group>"; };
		FDD17FAC2A8DA8A600181299 /* CodePath_pre_workTests.xctest */ = {isa = PBXFileReference; explicitFileType = wrapper.cfbundle; includeInIndex = 0; path = CodePath_pre_workTests.xctest; sourceTree = BUILT_PRODUCTS_DIR; };
		FDD17FB02A8DA8A600181299 /* CodePath_pre_workTests.swift */ = {isa = PBXFileReference; lastKnownFileType = sourcecode.swift; path = CodePath_pre_workTests.swift; sourceTree = "<group>"; };
		FDD17FB62A8DA8A600181299 /* CodePath_pre_workUITests.xctest */ = {isa = PBXFileReference; explicitFileType = wrapper.cfbundle; includeInIndex = 0; path = CodePath_pre_workUITests.xctest; sourceTree = BUILT_PRODUCTS_DIR; };
		FDD17FBA2A8DA8A600181299 /* CodePath_pre_workUITests.swift */ = {isa = PBXFileReference; lastKnownFileType = sourcecode.swift; path = CodePath_pre_workUITests.swift; sourceTree = "<group>"; };
		FDD17FBC2A8DA8A600181299 /* CodePath_pre_workUITestsLaunchTests.swift */ = {isa = PBXFileReference; lastKnownFileType = sourcecode.swift; path = CodePath_pre_workUITestsLaunchTests.swift; sourceTree = "<group>"; };
/* End PBXFileReference section */

/* Begin PBXFrameworksBuildPhase section */
		FDD17F932A8DA8A500181299 /* Frameworks */ = {
			isa = PBXFrameworksBuildPhase;
			buildActionMask = 2147483647;
			files = (
			);
			runOnlyForDeploymentPostprocessing = 0;
		};
		FDD17FA92A8DA8A600181299 /* Frameworks */ = {
			isa = PBXFrameworksBuildPhase;
			buildActionMask = 2147483647;
			files = (
			);
			runOnlyForDeploymentPostprocessing = 0;
		};
		FDD17FB32A8DA8A600181299 /* Frameworks */ = {
			isa = PBXFrameworksBuildPhase;
			buildActionMask = 2147483647;
			files = (
			);
			runOnlyForDeploymentPostprocessing = 0;
		};
/* End PBXFrameworksBuildPhase section */

/* Begin PBXGroup section */
		FDD17F8D2A8DA8A500181299 = {
			isa = PBXGroup;
			children = (
				FDD17F982A8DA8A500181299 /* CodePath_pre_work */,
				FDD17FAF2A8DA8A600181299 /* CodePath_pre_workTests */,
				FDD17FB92A8DA8A600181299 /* CodePath_pre_workUITests */,
				FDD17F972A8DA8A500181299 /* Products */,
			);
			sourceTree = "<group>";
		};
		FDD17F972A8DA8A500181299 /* Products */ = {
			isa = PBXGroup;
			children = (
				FDD17F962A8DA8A500181299 /* CodePath_pre_work.app */,
				FDD17FAC2A8DA8A600181299 /* CodePath_pre_workTests.xctest */,
				FDD17FB62A8DA8A600181299 /* CodePath_pre_workUITests.xctest */,
			);
			name = Products;
			sourceTree = "<group>";
		};
		FDD17F982A8DA8A500181299 /* CodePath_pre_work */ = {
			isa = PBXGroup;
			children = (
				FDD17F992A8DA8A500181299 /* AppDelegate.swift */,
				FDD17F9B2A8DA8A500181299 /* SceneDelegate.swift */,
				FDD17F9D2A8DA8A500181299 /* ViewController.swift */,
				FDD17F9F2A8DA8A500181299 /* Main.storyboard */,
				FDD17FA22A8DA8A600181299 /* Assets.xcassets */,
				FDD17FA42A8DA8A600181299 /* LaunchScreen.storyboard */,
				FDD17FA72A8DA8A600181299 /* Info.plist */,
			);
			path = CodePath_pre_work;
			sourceTree = "<group>";
		};
		FDD17FAF2A8DA8A600181299 /* CodePath_pre_workTests */ = {
			isa = PBXGroup;
			children = (
				FDD17FB02A8DA8A600181299 /* CodePath_pre_workTests.swift */,
			);
			path = CodePath_pre_workTests;
			sourceTree = "<group>";
		};
		FDD17FB92A8DA8A600181299 /* CodePath_pre_workUITests */ = {
			isa = PBXGroup;
			children = (
				FDD17FBA2A8DA8A600181299 /* CodePath_pre_workUITests.swift */,
				FDD17FBC2A8DA8A600181299 /* CodePath_pre_workUITestsLaunchTests.swift */,
			);
			path = CodePath_pre_workUITests;
			sourceTree = "<group>";
		};
/* End PBXGroup section */

/* Begin PBXNativeTarget section */
		FDD17F952A8DA8A500181299 /* CodePath_pre_work */ = {
			isa = PBXNativeTarget;
			buildConfigurationList = FDD17FC02A8DA8A600181299 /* Build configuration list for PBXNativeTarget "CodePath_pre_work" */;
			buildPhases = (
				FDD17F922A8DA8A500181299 /* Sources */,
				FDD17F932A8DA8A500181299 /* Frameworks */,
				FDD17F942A8DA8A500181299 /* Resources */,
			);
			buildRules = (
			);
			dependencies = (
			);
			name = CodePath_pre_work;
			productName = CodePath_pre_work;
			productReference = FDD17F962A8DA8A500181299 /* CodePath_pre_work.app */;
			productType = "com.apple.product-type.application";
		};
		FDD17FAB2A8DA8A600181299 /* CodePath_pre_workTests */ = {
			isa = PBXNativeTarget;
			buildConfigurationList = FDD17FC32A8DA8A600181299 /* Build configuration list for PBXNativeTarget "CodePath_pre_workTests" */;
			buildPhases = (
				FDD17FA82A8DA8A600181299 /* Sources */,
				FDD17FA92A8DA8A600181299 /* Frameworks */,
				FDD17FAA2A8DA8A600181299 /* Resources */,
			);
			buildRules = (
			);
			dependencies = (
				FDD17FAE2A8DA8A600181299 /* PBXTargetDependency */,
			);
			name = CodePath_pre_workTests;
			productName = CodePath_pre_workTests;
			productReference = FDD17FAC2A8DA8A600181299 /* CodePath_pre_workTests.xctest */;
			productType = "com.apple.product-type.bundle.unit-test";
		};
		FDD17FB52A8DA8A600181299 /* CodePath_pre_workUITests */ = {
			isa = PBXNativeTarget;
			buildConfigurationList = FDD17FC62A8DA8A600181299 /* Build configuration list for PBXNativeTarget "CodePath_pre_workUITests" */;
			buildPhases = (
				FDD17FB22A8DA8A600181299 /* Sources */,
				FDD17FB32A8DA8A600181299 /* Frameworks */,
				FDD17FB42A8DA8A600181299 /* Resources */,
			);
			buildRules = (
			);
			dependencies = (
				FDD17FB82A8DA8A600181299 /* PBXTargetDependency */,
			);
			name = CodePath_pre_workUITests;
			productName = CodePath_pre_workUITests;
			productReference = FDD17FB62A8DA8A600181299 /* CodePath_pre_workUITests.xctest */;
			productType = "com.apple.product-type.bundle.ui-testing";
		};
/* End PBXNativeTarget section */

/* Begin PBXProject section */
		FDD17F8E2A8DA8A500181299 /* Project object */ = {
			isa = PBXProject;
			attributes = {
				BuildIndependentTargetsInParallel = 1;
				LastSwiftUpdateCheck = 1430;
				LastUpgradeCheck = 1430;
				TargetAttributes = {
					FDD17F952A8DA8A500181299 = {
						CreatedOnToolsVersion = 14.3.1;
					};
					FDD17FAB2A8DA8A600181299 = {
						CreatedOnToolsVersion = 14.3.1;
						TestTargetID = FDD17F952A8DA8A500181299;
					};
					FDD17FB52A8DA8A600181299 = {
						CreatedOnToolsVersion = 14.3.1;
						TestTargetID = FDD17F952A8DA8A500181299;
					};
				};
			};
			buildConfigurationList = FDD17F912A8DA8A500181299 /* Build configuration list for PBXProject "CodePath_pre_work" */;
			compatibilityVersion = "Xcode 14.0";
			developmentRegion = en;
			hasScannedForEncodings = 0;
			knownRegions = (
				en,
				Base,
			);
			mainGroup = FDD17F8D2A8DA8A500181299;
			productRefGroup = FDD17F972A8DA8A500181299 /* Products */;
			projectDirPath = "";
			projectRoot = "";
			targets = (
				FDD17F952A8DA8A500181299 /* CodePath_pre_work */,
				FDD17FAB2A8DA8A600181299 /* CodePath_pre_workTests */,
				FDD17FB52A8DA8A600181299 /* CodePath_pre_workUITests */,
			);
		};
/* End PBXProject section */

/* Begin PBXResourcesBuildPhase section */
		FDD17F942A8DA8A500181299 /* Resources */ = {
			isa = PBXResourcesBuildPhase;
			buildActionMask = 2147483647;
			files = (
				FDD17FA62A8DA8A600181299 /* LaunchScreen.storyboard in Resources */,
				FDD17FA32A8DA8A600181299 /* Assets.xcassets in Resources */,
				FDD17FA12A8DA8A500181299 /* Main.storyboard in Resources */,
			);
			runOnlyForDeploymentPostprocessing = 0;
		};
		FDD17FAA2A8DA8A600181299 /* Resources */ = {
			isa = PBXResourcesBuildPhase;
			buildActionMask = 2147483647;
			files = (
			);
			runOnlyForDeploymentPostprocessing = 0;
		};
		FDD17FB42A8DA8A600181299 /* Resources */ = {
			isa = PBXResourcesBuildPhase;
			buildActionMask = 2147483647;
			files = (
			);
			runOnlyForDeploymentPostprocessing = 0;
		};
/* End PBXResourcesBuildPhase section */

/* Begin PBXSourcesBuildPhase section */
		FDD17F922A8DA8A500181299 /* Sources */ = {
			isa = PBXSourcesBuildPhase;
			buildActionMask = 2147483647;
			files = (
				FDD17F9E2A8DA8A500181299 /* ViewController.swift in Sources */,
				FDD17F9A2A8DA8A500181299 /* AppDelegate.swift in Sources */,
				FDD17F9C2A8DA8A500181299 /* SceneDelegate.swift in Sources */,
			);
			runOnlyForDeploymentPostprocessing = 0;
		};
		FDD17FA82A8DA8A600181299 /* Sources */ = {
			isa = PBXSourcesBuildPhase;
			buildActionMask = 2147483647;
			files = (
				FDD17FB12A8DA8A600181299 /* CodePath_pre_workTests.swift in Sources */,
			);
			runOnlyForDeploymentPostprocessing = 0;
		};
		FDD17FB22A8DA8A600181299 /* Sources */ = {
			isa = PBXSourcesBuildPhase;
			buildActionMask = 2147483647;
			files = (
				FDD17FBB2A8DA8A600181299 /* CodePath_pre_workUITests.swift in Sources */,
				FDD17FBD2A8DA8A600181299 /* CodePath_pre_workUITestsLaunchTests.swift in Sources */,
			);
			runOnlyForDeploymentPostprocessing = 0;
		};
/* End PBXSourcesBuildPhase section */

/* Begin PBXTargetDependency section */
		FDD17FAE2A8DA8A600181299 /* PBXTargetDependency */ = {
			isa = PBXTargetDependency;
			target = FDD17F952A8DA8A500181299 /* CodePath_pre_work */;
			targetProxy = FDD17FAD2A8DA8A600181299 /* PBXContainerItemProxy */;
		};
		FDD17FB82A8DA8A600181299 /* PBXTargetDependency */ = {
			isa = PBXTargetDependency;
			target = FDD17F952A8DA8A500181299 /* CodePath_pre_work */;
			targetProxy = FDD17FB72A8DA8A600181299 /* PBXContainerItemProxy */;
		};
/* End PBXTargetDependency section */

/* Begin PBXVariantGroup section */
		FDD17F9F2A8DA8A500181299 /* Main.storyboard */ = {
			isa = PBXVariantGroup;
			children = (
				FDD17FA02A8DA8A500181299 /* Base */,
			);
			name = Main.storyboard;
			sourceTree = "<group>";
		};
		FDD17FA42A8DA8A600181299 /* LaunchScreen.storyboard */ = {
			isa = PBXVariantGroup;
			children = (
				FDD17FA52A8DA8A600181299 /* Base */,
			);
			name = LaunchScreen.storyboard;
			sourceTree = "<group>";
		};
/* End PBXVariantGroup section */

/* Begin XCBuildConfiguration section */
		FDD17FBE2A8DA8A600181299 /* Debug */ = {
			isa = XCBuildConfiguration;
			buildSettings = {
				ALWAYS_SEARCH_USER_PATHS = NO;
				CLANG_ANALYZER_NONNULL = YES;
				CLANG_ANALYZER_NUMBER_OBJECT_CONVERSION = YES_AGGRESSIVE;
				CLANG_CXX_LANGUAGE_STANDARD = "gnu++20";
				CLANG_ENABLE_MODULES = YES;
				CLANG_ENABLE_OBJC_ARC = YES;
				CLANG_ENABLE_OBJC_WEAK = YES;
				CLANG_WARN_BLOCK_CAPTURE_AUTORELEASING = YES;
				CLANG_WARN_BOOL_CONVERSION = YES;
				CLANG_WARN_COMMA = YES;
				CLANG_WARN_CONSTANT_CONVERSION = YES;
				CLANG_WARN_DEPRECATED_OBJC_IMPLEMENTATIONS = YES;
				CLANG_WARN_DIRECT_OBJC_ISA_USAGE = YES_ERROR;
				CLANG_WARN_DOCUMENTATION_COMMENTS = YES;
				CLANG_WARN_EMPTY_BODY = YES;
				CLANG_WARN_ENUM_CONVERSION = YES;
				CLANG_WARN_INFINITE_RECURSION = YES;
				CLANG_WARN_INT_CONVERSION = YES;
				CLANG_WARN_NON_LITERAL_NULL_CONVERSION = YES;
				CLANG_WARN_OBJC_IMPLICIT_RETAIN_SELF = YES;
				CLANG_WARN_OBJC_LITERAL_CONVERSION = YES;
				CLANG_WARN_OBJC_ROOT_CLASS = YES_ERROR;
				CLANG_WARN_QUOTED_INCLUDE_IN_FRAMEWORK_HEADER = YES;
				CLANG_WARN_RANGE_LOOP_ANALYSIS = YES;
				CLANG_WARN_STRICT_PROTOTYPES = YES;
				CLANG_WARN_SUSPICIOUS_MOVE = YES;
				CLANG_WARN_UNGUARDED_AVAILABILITY = YES_AGGRESSIVE;
				CLANG_WARN_UNREACHABLE_CODE = YES;
				CLANG_WARN__DUPLICATE_METHOD_MATCH = YES;
				COPY_PHASE_STRIP = NO;
				DEBUG_INFORMATION_FORMAT = dwarf;
				ENABLE_STRICT_OBJC_MSGSEND = YES;
				ENABLE_TESTABILITY = YES;
				GCC_C_LANGUAGE_STANDARD = gnu11;
				GCC_DYNAMIC_NO_PIC = NO;
				GCC_NO_COMMON_BLOCKS = YES;
				GCC_OPTIMIZATION_LEVEL = 0;
				GCC_PREPROCESSOR_DEFINITIONS = (
					"DEBUG=1",
					"$(inherited)",
				);
				GCC_WARN_64_TO_32_BIT_CONVERSION = YES;
				GCC_WARN_ABOUT_RETURN_TYPE = YES_ERROR;
				GCC_WARN_UNDECLARED_SELECTOR = YES;
				GCC_WARN_UNINITIALIZED_AUTOS = YES_AGGRESSIVE;
				GCC_WARN_UNUSED_FUNCTION = YES;
				GCC_WARN_UNUSED_VARIABLE = YES;
				IPHONEOS_DEPLOYMENT_TARGET = 16.4;
				MTL_ENABLE_DEBUG_INFO = INCLUDE_SOURCE;
				MTL_FAST_MATH = YES;
				ONLY_ACTIVE_ARCH = YES;
				SDKROOT = iphoneos;
				SWIFT_ACTIVE_COMPILATION_CONDITIONS = DEBUG;
				SWIFT_OPTIMIZATION_LEVEL = "-Onone";
			};
			name = Debug;
		};
		FDD17FBF2A8DA8A600181299 /* Release */ = {
			isa = XCBuildConfiguration;
			buildSettings = {
				ALWAYS_SEARCH_USER_PATHS = NO;
				CLANG_ANALYZER_NONNULL = YES;
				CLANG_ANALYZER_NUMBER_OBJECT_CONVERSION = YES_AGGRESSIVE;
				CLANG_CXX_LANGUAGE_STANDARD = "gnu++20";
				CLANG_ENABLE_MODULES = YES;
				CLANG_ENABLE_OBJC_ARC = YES;
				CLANG_ENABLE_OBJC_WEAK = YES;
				CLANG_WARN_BLOCK_CAPTURE_AUTORELEASING = YES;
				CLANG_WARN_BOOL_CONVERSION = YES;
				CLANG_WARN_COMMA = YES;
				CLANG_WARN_CONSTANT_CONVERSION = YES;
				CLANG_WARN_DEPRECATED_OBJC_IMPLEMENTATIONS = YES;
				CLANG_WARN_DIRECT_OBJC_ISA_USAGE = YES_ERROR;
				CLANG_WARN_DOCUMENTATION_COMMENTS = YES;
				CLANG_WARN_EMPTY_BODY = YES;
				CLANG_WARN_ENUM_CONVERSION = YES;
				CLANG_WARN_INFINITE_RECURSION = YES;
				CLANG_WARN_INT_CONVERSION = YES;
				CLANG_WARN_NON_LITERAL_NULL_CONVERSION = YES;
				CLANG_WARN_OBJC_IMPLICIT_RETAIN_SELF = YES;
				CLANG_WARN_OBJC_LITERAL_CONVERSION = YES;
				CLANG_WARN_OBJC_ROOT_CLASS = YES_ERROR;
				CLANG_WARN_QUOTED_INCLUDE_IN_FRAMEWORK_HEADER = YES;
				CLANG_WARN_RANGE_LOOP_ANALYSIS = YES;
				CLANG_WARN_STRICT_PROTOTYPES = YES;
				CLANG_WARN_SUSPICIOUS_MOVE = YES;
				CLANG_WARN_UNGUARDED_AVAILABILITY = YES_AGGRESSIVE;
				CLANG_WARN_UNREACHABLE_CODE = YES;
				CLANG_WARN__DUPLICATE_METHOD_MATCH = YES;
				COPY_PHASE_STRIP = NO;
				DEBUG_INFORMATION_FORMAT = "dwarf-with-dsym";
				ENABLE_NS_ASSERTIONS = NO;
				ENABLE_STRICT_OBJC_MSGSEND = YES;
				GCC_C_LANGUAGE_STANDARD = gnu11;
				GCC_NO_COMMON_BLOCKS = YES;
				GCC_WARN_64_TO_32_BIT_CONVERSION = YES;
				GCC_WARN_ABOUT_RETURN_TYPE = YES_ERROR;
				GCC_WARN_UNDECLARED_SELECTOR = YES;
				GCC_WARN_UNINITIALIZED_AUTOS = YES_AGGRESSIVE;
				GCC_WARN_UNUSED_FUNCTION = YES;
				GCC_WARN_UNUSED_VARIABLE = YES;
				IPHONEOS_DEPLOYMENT_TARGET = 16.4;
				MTL_ENABLE_DEBUG_INFO = NO;
				MTL_FAST_MATH = YES;
				SDKROOT = iphoneos;
				SWIFT_COMPILATION_MODE = wholemodule;
				SWIFT_OPTIMIZATION_LEVEL = "-O";
				VALIDATE_PRODUCT = YES;
			};
			name = Release;
		};
		FDD17FC12A8DA8A600181299 /* Debug */ = {
			isa = XCBuildConfiguration;
			buildSettings = {
				ASSETCATALOG_COMPILER_APPICON_NAME = AppIcon;
				ASSETCATALOG_COMPILER_GLOBAL_ACCENT_COLOR_NAME = AccentColor;
				CODE_SIGN_STYLE = Automatic;
				CURRENT_PROJECT_VERSION = 1;
				GENERATE_INFOPLIST_FILE = YES;
				INFOPLIST_FILE = CodePath_pre_work/Info.plist;
				INFOPLIST_KEY_UIApplicationSupportsIndirectInputEvents = YES;
				INFOPLIST_KEY_UILaunchStoryboardName = LaunchScreen;
				INFOPLIST_KEY_UIMainStoryboardFile = Main;
				INFOPLIST_KEY_UISupportedInterfaceOrientations_iPad = "UIInterfaceOrientationPortrait UIInterfaceOrientationPortraitUpsideDown UIInterfaceOrientationLandscapeLeft UIInterfaceOrientationLandscapeRight";
				INFOPLIST_KEY_UISupportedInterfaceOrientations_iPhone = "UIInterfaceOrientationPortrait UIInterfaceOrientationLandscapeLeft UIInterfaceOrientationLandscapeRight";
				LD_RUNPATH_SEARCH_PATHS = (
					"$(inherited)",
					"@executable_path/Frameworks",
				);
				MARKETING_VERSION = 1.0;
				PRODUCT_BUNDLE_IDENTIFIER = "main.CodePath-pre-work";
				PRODUCT_NAME = "$(TARGET_NAME)";
				SWIFT_EMIT_LOC_STRINGS = YES;
				SWIFT_VERSION = 5.0;
				TARGETED_DEVICE_FAMILY = "1,2";
			};
			name = Debug;
		};
		FDD17FC22A8DA8A600181299 /* Release */ = {
			isa = XCBuildConfiguration;
			buildSettings = {
				ASSETCATALOG_COMPILER_APPICON_NAME = AppIcon;
				ASSETCATALOG_COMPILER_GLOBAL_ACCENT_COLOR_NAME = AccentColor;
				CODE_SIGN_STYLE = Automatic;
				CURRENT_PROJECT_VERSION = 1;
				GENERATE_INFOPLIST_FILE = YES;
				INFOPLIST_FILE = CodePath_pre_work/Info.plist;
				INFOPLIST_KEY_UIApplicationSupportsIndirectInputEvents = YES;
				INFOPLIST_KEY_UILaunchStoryboardName = LaunchScreen;
				INFOPLIST_KEY_UIMainStoryboardFile = Main;
				INFOPLIST_KEY_UISupportedInterfaceOrientations_iPad = "UIInterfaceOrientationPortrait UIInterfaceOrientationPortraitUpsideDown UIInterfaceOrientationLandscapeLeft UIInterfaceOrientationLandscapeRight";
				INFOPLIST_KEY_UISupportedInterfaceOrientations_iPhone = "UIInterfaceOrientationPortrait UIInterfaceOrientationLandscapeLeft UIInterfaceOrientationLandscapeRight";
				LD_RUNPATH_SEARCH_PATHS = (
					"$(inherited)",
					"@executable_path/Frameworks",
				);
				MARKETING_VERSION = 1.0;
				PRODUCT_BUNDLE_IDENTIFIER = "main.CodePath-pre-work";
				PRODUCT_NAME = "$(TARGET_NAME)";
				SWIFT_EMIT_LOC_STRINGS = YES;
				SWIFT_VERSION = 5.0;
				TARGETED_DEVICE_FAMILY = "1,2";
			};
			name = Release;
		};
		FDD17FC42A8DA8A600181299 /* Debug */ = {
			isa = XCBuildConfiguration;
			buildSettings = {
				ALWAYS_EMBED_SWIFT_STANDARD_LIBRARIES = YES;
				BUNDLE_LOADER = "$(TEST_HOST)";
				CODE_SIGN_STYLE = Automatic;
				CURRENT_PROJECT_VERSION = 1;
				GENERATE_INFOPLIST_FILE = YES;
				IPHONEOS_DEPLOYMENT_TARGET = 16.4;
				MARKETING_VERSION = 1.0;
				PRODUCT_BUNDLE_IDENTIFIER = "main.CodePath-pre-workTests";
				PRODUCT_NAME = "$(TARGET_NAME)";
				SWIFT_EMIT_LOC_STRINGS = NO;
				SWIFT_VERSION = 5.0;
				TARGETED_DEVICE_FAMILY = "1,2";
				TEST_HOST = "$(BUILT_PRODUCTS_DIR)/CodePath_pre_work.app/$(BUNDLE_EXECUTABLE_FOLDER_PATH)/CodePath_pre_work";
			};
			name = Debug;
		};
		FDD17FC52A8DA8A600181299 /* Release */ = {
			isa = XCBuildConfiguration;
			buildSettings = {
				ALWAYS_EMBED_SWIFT_STANDARD_LIBRARIES = YES;
				BUNDLE_LOADER = "$(TEST_HOST)";
				CODE_SIGN_STYLE = Automatic;
				CURRENT_PROJECT_VERSION = 1;
				GENERATE_INFOPLIST_FILE = YES;
				IPHONEOS_DEPLOYMENT_TARGET = 16.4;
				MARKETING_VERSION = 1.0;
				PRODUCT_BUNDLE_IDENTIFIER = "main.CodePath-pre-workTests";
				PRODUCT_NAME = "$(TARGET_NAME)";
				SWIFT_EMIT_LOC_STRINGS = NO;
				SWIFT_VERSION = 5.0;
				TARGETED_DEVICE_FAMILY = "1,2";
				TEST_HOST = "$(BUILT_PRODUCTS_DIR)/CodePath_pre_work.app/$(BUNDLE_EXECUTABLE_FOLDER_PATH)/CodePath_pre_work";
			};
			name = Release;
		};
		FDD17FC72A8DA8A600181299 /* Debug */ = {
			isa = XCBuildConfiguration;
			buildSettings = {
				ALWAYS_EMBED_SWIFT_STANDARD_LIBRARIES = YES;
				CODE_SIGN_STYLE = Automatic;
				CURRENT_PROJECT_VERSION = 1;
				GENERATE_INFOPLIST_FILE = YES;
				MARKETING_VERSION = 1.0;
				PRODUCT_BUNDLE_IDENTIFIER = "main.CodePath-pre-workUITests";
				PRODUCT_NAME = "$(TARGET_NAME)";
				SWIFT_EMIT_LOC_STRINGS = NO;
				SWIFT_VERSION = 5.0;
				TARGETED_DEVICE_FAMILY = "1,2";
				TEST_TARGET_NAME = CodePath_pre_work;
			};
			name = Debug;
		};
		FDD17FC82A8DA8A600181299 /* Release */ = {
			isa = XCBuildConfiguration;
			buildSettings = {
				ALWAYS_EMBED_SWIFT_STANDARD_LIBRARIES = YES;
				CODE_SIGN_STYLE = Automatic;
				CURRENT_PROJECT_VERSION = 1;
				GENERATE_INFOPLIST_FILE = YES;
				MARKETING_VERSION = 1.0;
				PRODUCT_BUNDLE_IDENTIFIER = "main.CodePath-pre-workUITests";
				PRODUCT_NAME = "$(TARGET_NAME)";
				SWIFT_EMIT_LOC_STRINGS = NO;
				SWIFT_VERSION = 5.0;
				TARGETED_DEVICE_FAMILY = "1,2";
				TEST_TARGET_NAME = CodePath_pre_work;
			};
			name = Release;
		};
/* End XCBuildConfiguration section */

/* Begin XCConfigurationList section */
		FDD17F912A8DA8A500181299 /* Build configuration list for PBXProject "CodePath_pre_work" */ = {
			isa = XCConfigurationList;
			buildConfigurations = (
				FDD17FBE2A8DA8A600181299 /* Debug */,
				FDD17FBF2A8DA8A600181299 /* Release */,
			);
			defaultConfigurationIsVisible = 0;
			defaultConfigurationName = Release;
		};
		FDD17FC02A8DA8A600181299 /* Build configuration list for PBXNativeTarget "CodePath_pre_work" */ = {
			isa = XCConfigurationList;
			buildConfigurations = (
				FDD17FC12A8DA8A600181299 /* Debug */,
				FDD17FC22A8DA8A600181299 /* Release */,
			);
			defaultConfigurationIsVisible = 0;
			defaultConfigurationName = Release;
		};
		FDD17FC32A8DA8A600181299 /* Build configuration list for PBXNativeTarget "CodePath_pre_workTests" */ = {
			isa = XCConfigurationList;
			buildConfigurations = (
				FDD17FC42A8DA8A600181299 /* Debug */,
				FDD17FC52A8DA8A600181299 /* Release */,
			);
			defaultConfigurationIsVisible = 0;
			defaultConfigurationName = Release;
		};
		FDD17FC62A8DA8A600181299 /* Build configuration list for PBXNativeTarget "CodePath_pre_workUITests" */ = {
			isa = XCConfigurationList;
			buildConfigurations = (
				FDD17FC72A8DA8A600181299 /* Debug */,
				FDD17FC82A8DA8A600181299 /* Release */,
			);
			defaultConfigurationIsVisible = 0;
			defaultConfigurationName = Release;
		};
/* End XCConfigurationList section */
	};
	rootObject = FDD17F8E2A8DA8A500181299 /* Project object */;
}
